
Microsoft Visual Studio Solution File, Format Version 12.00
# Visual Studio 15
VisualStudioVersion = 15.0.28307.329
MinimumVisualStudioVersion = 10.0.40219.1
Project("{FAE04EC0-301F-11D3-BF4B-00C04F79EFBC}") = "MemoryClass", "MemoryClass.csproj", "{F6DB752D-F8BE-4214-B09D-96D98A4E2C1A}"
EndProject
Global
	GlobalSection(SolutionConfigurationPlatforms) = preSolution
		Debug|Any CPU = Debug|Any CPU
		Release|Any CPU = Release|Any CPU
	EndGlobalSection
	GlobalSection(ProjectConfigurationPlatforms) = postSolution
		{F6DB752D-F8BE-4214-B09D-96D98A4E2C1A}.Debug|Any CPU.ActiveCfg = Debug|Any CPU
		{F6DB752D-F8BE-4214-B09D-96D98A4E2C1A}.Debug|Any CPU.Build.0 = Debug|Any CPU
		{F6DB752D-F8BE-4214-B09D-96D98A4E2C1A}.Release|Any CPU.ActiveCfg = Release|Any CPU
		{F6DB752D-F8BE-4214-B09D-96D98A4E2C1A}.Release|Any CPU.Build.0 = Release|Any CPU
	EndGlobalSection
	GlobalSection(SolutionProperties) = preSolution
		HideSolutionNode = FALSE
	EndGlobalSection
	GlobalSection(ExtensibilityGlobals) = postSolution
		SolutionGuid = {F6A6627F-DE75-40F6-95E7-739AB2EE1E34}
	EndGlobalSection
EndGlobal
